// !$*UTF8*$!
{
	archiveVersion = 1;
	classes = {
	};
	objectVersion = 50;
	objects = {

/* Begin PBXBuildFile section */
		3FD1065A24D31580005400C2 /* AppDelegate.swift in Sources */ = {isa = PBXBuildFile; fileRef = 3FD1065924D31580005400C2 /* AppDelegate.swift */; };
		3FD1065C24D31580005400C2 /* ViewController.swift in Sources */ = {isa = PBXBuildFile; fileRef = 3FD1065B24D31580005400C2 /* ViewController.swift */; };
		3FD1065F24D31580005400C2 /* Main.storyboard in Resources */ = {isa = PBXBuildFile; fileRef = 3FD1065D24D31580005400C2 /* Main.storyboard */; };
		3FD1066124D31581005400C2 /* Assets.xcassets in Resources */ = {isa = PBXBuildFile; fileRef = 3FD1066024D31581005400C2 /* Assets.xcassets */; };
		3FD1066424D31581005400C2 /* LaunchScreen.storyboard in Resources */ = {isa = PBXBuildFile; fileRef = 3FD1066224D31581005400C2 /* LaunchScreen.storyboard */; };
		3FD1066F24D31796005400C2 /* Recipe.swift in Sources */ = {isa = PBXBuildFile; fileRef = 3FD1066C24D31796005400C2 /* Recipe.swift */; };
		3FD1067024D31796005400C2 /* FoodCategory.swift in Sources */ = {isa = PBXBuildFile; fileRef = 3FD1066D24D31796005400C2 /* FoodCategory.swift */; };
		3FD1067124D31796005400C2 /* DataSet.swift in Sources */ = {isa = PBXBuildFile; fileRef = 3FD1066E24D31796005400C2 /* DataSet.swift */; };
		3FD1067924D317A1005400C2 /* RecipeDetailVC.swift in Sources */ = {isa = PBXBuildFile; fileRef = 3FD1067324D317A1005400C2 /* RecipeDetailVC.swift */; };
		3FD1067A24D317A1005400C2 /* RecipesSelectionVC.swift in Sources */ = {isa = PBXBuildFile; fileRef = 3FD1067424D317A1005400C2 /* RecipesSelectionVC.swift */; };
		3FD1067B24D317A1005400C2 /* HomeVC.swift in Sources */ = {isa = PBXBuildFile; fileRef = 3FD1067524D317A1005400C2 /* HomeVC.swift */; };
		3FD1067C24D317A1005400C2 /* CategoryCell.swift in Sources */ = {isa = PBXBuildFile; fileRef = 3FD1067724D317A1005400C2 /* CategoryCell.swift */; };
		3FD1067D24D317A1005400C2 /* RecipeCell.swift in Sources */ = {isa = PBXBuildFile; fileRef = 3FD1067824D317A1005400C2 /* RecipeCell.swift */; };
/* End PBXBuildFile section */

/* Begin PBXFileReference section */
		3FD1065624D31580005400C2 /* FoodRecipeAPP.app */ = {isa = PBXFileReference; explicitFileType = wrapper.application; includeInIndex = 0; path = FoodRecipeAPP.app; sourceTree = BUILT_PRODUCTS_DIR; };
		3FD1065924D31580005400C2 /* AppDelegate.swift */ = {isa = PBXFileReference; lastKnownFileType = sourcecode.swift; path = AppDelegate.swift; sourceTree = "<group>"; };
		3FD1065B24D31580005400C2 /* ViewController.swift */ = {isa = PBXFileReference; lastKnownFileType = sourcecode.swift; path = ViewController.swift; sourceTree = "<group>"; };
		3FD1065E24D31580005400C2 /* Base */ = {isa = PBXFileReference; lastKnownFileType = file.storyboard; name = Base; path = Base.lproj/Main.storyboard; sourceTree = "<group>"; };
		3FD1066024D31581005400C2 /* Assets.xcassets */ = {isa = PBXFileReference; lastKnownFileType = folder.assetcatalog; path = Assets.xcassets; sourceTree = "<group>"; };
		3FD1066324D31581005400C2 /* Base */ = {isa = PBXFileReference; lastKnownFileType = file.storyboard; name = Base; path = Base.lproj/LaunchScreen.storyboard; sourceTree = "<group>"; };
		3FD1066524D31581005400C2 /* Info.plist */ = {isa = PBXFileReference; lastKnownFileType = text.plist.xml; path = Info.plist; sourceTree = "<group>"; };
		3FD1066C24D31796005400C2 /* Recipe.swift */ = {isa = PBXFileReference; fileEncoding = 4; lastKnownFileType = sourcecode.swift; path = Recipe.swift; sourceTree = "<group>"; };
		3FD1066D24D31796005400C2 /* FoodCategory.swift */ = {isa = PBXFileReference; fileEncoding = 4; lastKnownFileType = sourcecode.swift; path = FoodCategory.swift; sourceTree = "<group>"; };
		3FD1066E24D31796005400C2 /* DataSet.swift */ = {isa = PBXFileReference; fileEncoding = 4; lastKnownFileType = sourcecode.swift; path = DataSet.swift; sourceTree = "<group>"; };
		3FD1067324D317A1005400C2 /* RecipeDetailVC.swift */ = {isa = PBXFileReference; fileEncoding = 4; lastKnownFileType = sourcecode.swift; path = RecipeDetailVC.swift; sourceTree = "<group>"; };
		3FD1067424D317A1005400C2 /* RecipesSelectionVC.swift */ = {isa = PBXFileReference; fileEncoding = 4; lastKnownFileType = sourcecode.swift; path = RecipesSelectionVC.swift; sourceTree = "<group>"; };
		3FD1067524D317A1005400C2 /* HomeVC.swift */ = {isa = PBXFileReference; fileEncoding = 4; lastKnownFileType = sourcecode.swift; path = HomeVC.swift; sourceTree = "<group>"; };
		3FD1067724D317A1005400C2 /* CategoryCell.swift */ = {isa = PBXFileReference; fileEncoding = 4; lastKnownFileType = sourcecode.swift; path = CategoryCell.swift; sourceTree = "<group>"; };
		3FD1067824D317A1005400C2 /* RecipeCell.swift */ = {isa = PBXFileReference; fileEncoding = 4; lastKnownFileType = sourcecode.swift; path = RecipeCell.swift; sourceTree = "<group>"; };
/* End PBXFileReference section */

/* Begin PBXFrameworksBuildPhase section */
		3FD1065324D31580005400C2 /* Frameworks */ = {
			isa = PBXFrameworksBuildPhase;
			buildActionMask = 2147483647;
			files = (
			);
			runOnlyForDeploymentPostprocessing = 0;
		};
/* End PBXFrameworksBuildPhase section */

/* Begin PBXGroup section */
		3FD1064D24D31580005400C2 = {
			isa = PBXGroup;
			children = (
				3FD1065824D31580005400C2 /* FoodRecipeAPP */,
				3FD1065724D31580005400C2 /* Products */,
			);
			sourceTree = "<group>";
		};
		3FD1065724D31580005400C2 /* Products */ = {
			isa = PBXGroup;
			children = (
				3FD1065624D31580005400C2 /* FoodRecipeAPP.app */,
			);
			name = Products;
			sourceTree = "<group>";
		};
		3FD1065824D31580005400C2 /* FoodRecipeAPP */ = {
			isa = PBXGroup;
			children = (
				3FD1067224D317A1005400C2 /* Controller */,
				3FD1067624D317A1005400C2 /* View */,
				3FD1066B24D31796005400C2 /* Model */,
				3FD1065924D31580005400C2 /* AppDelegate.swift */,
				3FD1065B24D31580005400C2 /* ViewController.swift */,
				3FD1065D24D31580005400C2 /* Main.storyboard */,
				3FD1066024D31581005400C2 /* Assets.xcassets */,
				3FD1066224D31581005400C2 /* LaunchScreen.storyboard */,
				3FD1066524D31581005400C2 /* Info.plist */,
			);
			path = FoodRecipeAPP;
			sourceTree = "<group>";
		};
		3FD1066B24D31796005400C2 /* Model */ = {
			isa = PBXGroup;
			children = (
				3FD1066C24D31796005400C2 /* Recipe.swift */,
				3FD1066D24D31796005400C2 /* FoodCategory.swift */,
				3FD1066E24D31796005400C2 /* DataSet.swift */,
			);
			path = Model;
			sourceTree = "<group>";
		};
		3FD1067224D317A1005400C2 /* Controller */ = {
			isa = PBXGroup;
			children = (
				3FD1067324D317A1005400C2 /* RecipeDetailVC.swift */,
				3FD1067424D317A1005400C2 /* RecipesSelectionVC.swift */,
				3FD1067524D317A1005400C2 /* HomeVC.swift */,
			);
			path = Controller;
			sourceTree = "<group>";
		};
		3FD1067624D317A1005400C2 /* View */ = {
			isa = PBXGroup;
			children = (
				3FD1067724D317A1005400C2 /* CategoryCell.swift */,
				3FD1067824D317A1005400C2 /* RecipeCell.swift */,
			);
			path = View;
			sourceTree = "<group>";
		};
/* End PBXGroup section */

/* Begin PBXNativeTarget section */
		3FD1065524D31580005400C2 /* FoodRecipeAPP */ = {
			isa = PBXNativeTarget;
			buildConfigurationList = 3FD1066824D31581005400C2 /* Build configuration list for PBXNativeTarget "FoodRecipeAPP" */;
			buildPhases = (
				3FD1065224D31580005400C2 /* Sources */,
				3FD1065324D31580005400C2 /* Frameworks */,
				3FD1065424D31580005400C2 /* Resources */,
			);
			buildRules = (
			);
			dependencies = (
			);
			name = FoodRecipeAPP;
			productName = FoodRecipeAPP;
			productReference = 3FD1065624D31580005400C2 /* FoodRecipeAPP.app */;
			productType = "com.apple.product-type.application";
		};
/* End PBXNativeTarget section */

/* Begin PBXProject section */
		3FD1064E24D31580005400C2 /* Project object */ = {
			isa = PBXProject;
			attributes = {
				LastSwiftUpdateCheck = 1030;
				LastUpgradeCheck = 1030;
				ORGANIZATIONNAME = Student;
				TargetAttributes = {
					3FD1065524D31580005400C2 = {
						CreatedOnToolsVersion = 10.3;
					};
				};
			};
			buildConfigurationList = 3FD1065124D31580005400C2 /* Build configuration list for PBXProject "FoodRecipeAPP" */;
			compatibilityVersion = "Xcode 9.3";
			developmentRegion = en;
			hasScannedForEncodings = 0;
			knownRegions = (
				en,
				Base,
			);
			mainGroup = 3FD1064D24D31580005400C2;
			productRefGroup = 3FD1065724D31580005400C2 /* Products */;
			projectDirPath = "";
			projectRoot = "";
			targets = (
				3FD1065524D31580005400C2 /* FoodRecipeAPP */,
			);
		};
/* End PBXProject section */

/* Begin PBXResourcesBuildPhase section */
		3FD1065424D31580005400C2 /* Resources */ = {
			isa = PBXResourcesBuildPhase;
			buildActionMask = 2147483647;
			files = (
				3FD1066424D31581005400C2 /* LaunchScreen.storyboard in Resources */,
				3FD1066124D31581005400C2 /* Assets.xcassets in Resources */,
				3FD1065F24D31580005400C2 /* Main.storyboard in Resources */,
			);
			runOnlyForDeploymentPostprocessing = 0;
		};
/* End PBXResourcesBuildPhase section */

/* Begin PBXSourcesBuildPhase section */
		3FD1065224D31580005400C2 /* Sources */ = {
			isa = PBXSourcesBuildPhase;
			buildActionMask = 2147483647;
			files = (
				3FD1066F24D31796005400C2 /* Recipe.swift in Sources */,
				3FD1067B24D317A1005400C2 /* HomeVC.swift in Sources */,
				3FD1067124D31796005400C2 /* DataSet.swift in Sources */,
				3FD1065C24D31580005400C2 /* ViewController.swift in Sources */,
				3FD1067924D317A1005400C2 /* RecipeDetailVC.swift in Sources */,
				3FD1067D24D317A1005400C2 /* RecipeCell.swift in Sources */,
				3FD1067C24D317A1005400C2 /* CategoryCell.swift in Sources */,
				3FD1067A24D317A1005400C2 /* RecipesSelectionVC.swift in Sources */,
				3FD1065A24D31580005400C2 /* AppDelegate.swift in Sources */,
				3FD1067024D31796005400C2 /* FoodCategory.swift in Sources */,
			);
			runOnlyForDeploymentPostprocessing = 0;
		};
/* End PBXSourcesBuildPhase section */

/* Begin PBXVariantGroup section */
		3FD1065D24D31580005400C2 /* Main.storyboard */ = {
			isa = PBXVariantGroup;
			children = (
				3FD1065E24D31580005400C2 /* Base */,
			);
			name = Main.storyboard;
			sourceTree = "<group>";
		};
		3FD1066224D31581005400C2 /* LaunchScreen.storyboard */ = {
			isa = PBXVariantGroup;
			children = (
				3FD1066324D31581005400C2 /* Base */,
			);
			name = LaunchScreen.storyboard;
			sourceTree = "<group>";
		};
/* End PBXVariantGroup section */

/* Begin XCBuildConfiguration section */
		3FD1066624D31581005400C2 /* Debug */ = {
			isa = XCBuildConfiguration;
			buildSettings = {
				ALWAYS_SEARCH_USER_PATHS = NO;
				CLANG_ANALYZER_NONNULL = YES;
				CLANG_ANALYZER_NUMBER_OBJECT_CONVERSION = YES_AGGRESSIVE;
				CLANG_CXX_LANGUAGE_STANDARD = "gnu++14";
				CLANG_CXX_LIBRARY = "libc++";
				CLANG_ENABLE_MODULES = YES;
				CLANG_ENABLE_OBJC_ARC = YES;
				CLANG_ENABLE_OBJC_WEAK = YES;
				CLANG_WARN_BLOCK_CAPTURE_AUTORELEASING = YES;
				CLANG_WARN_BOOL_CONVERSION = YES;
				CLANG_WARN_COMMA = YES;
				CLANG_WARN_CONSTANT_CONVERSION = YES;
				CLANG_WARN_DEPRECATED_OBJC_IMPLEMENTATIONS = YES;
				CLANG_WARN_DIRECT_OBJC_ISA_USAGE = YES_ERROR;
				CLANG_WARN_DOCUMENTATION_COMMENTS = YES;
				CLANG_WARN_EMPTY_BODY = YES;
				CLANG_WARN_ENUM_CONVERSION = YES;
				CLANG_WARN_INFINITE_RECURSION = YES;
				CLANG_WARN_INT_CONVERSION = YES;
				CLANG_WARN_NON_LITERAL_NULL_CONVERSION = YES;
				CLANG_WARN_OBJC_IMPLICIT_RETAIN_SELF = YES;
				CLANG_WARN_OBJC_LITERAL_CONVERSION = YES;
				CLANG_WARN_OBJC_ROOT_CLASS = YES_ERROR;
				CLANG_WARN_RANGE_LOOP_ANALYSIS = YES;
				CLANG_WARN_STRICT_PROTOTYPES = YES;
				CLANG_WARN_SUSPICIOUS_MOVE = YES;
				CLANG_WARN_UNGUARDED_AVAILABILITY = YES_AGGRESSIVE;
				CLANG_WARN_UNREACHABLE_CODE = YES;
				CLANG_WARN__DUPLICATE_METHOD_MATCH = YES;
				CODE_SIGN_IDENTITY = "iPhone Developer";
				COPY_PHASE_STRIP = NO;
				DEBUG_INFORMATION_FORMAT = dwarf;
				ENABLE_STRICT_OBJC_MSGSEND = YES;
				ENABLE_TESTABILITY = YES;
				GCC_C_LANGUAGE_STANDARD = gnu11;
				GCC_DYNAMIC_NO_PIC = NO;
				GCC_NO_COMMON_BLOCKS = YES;
				GCC_OPTIMIZATION_LEVEL = 0;
				GCC_PREPROCESSOR_DEFINITIONS = (
					"DEBUG=1",
					"$(inherited)",
				);
				GCC_WARN_64_TO_32_BIT_CONVERSION = YES;
				GCC_WARN_ABOUT_RETURN_TYPE = YES_ERROR;
				GCC_WARN_UNDECLARED_SELECTOR = YES;
				GCC_WARN_UNINITIALIZED_AUTOS = YES_AGGRESSIVE;
				GCC_WARN_UNUSED_FUNCTION = YES;
				GCC_WARN_UNUSED_VARIABLE = YES;
				IPHONEOS_DEPLOYMENT_TARGET = 12.4;
				MTL_ENABLE_DEBUG_INFO = INCLUDE_SOURCE;
				MTL_FAST_MATH = YES;
				ONLY_ACTIVE_ARCH = YES;
				SDKROOT = iphoneos;
				SWIFT_ACTIVE_COMPILATION_CONDITIONS = DEBUG;
				SWIFT_OPTIMIZATION_LEVEL = "-Onone";
			};
			name = Debug;
		};
		3FD1066724D31581005400C2 /* Release */ = {
			isa = XCBuildConfiguration;
			buildSettings = {
				ALWAYS_SEARCH_USER_PATHS = NO;
				CLANG_ANALYZER_NONNULL = YES;
				CLANG_ANALYZER_NUMBER_OBJECT_CONVERSION = YES_AGGRESSIVE;
				CLANG_CXX_LANGUAGE_STANDARD = "gnu++14";
				CLANG_CXX_LIBRARY = "libc++";
				CLANG_ENABLE_MODULES = YES;
				CLANG_ENABLE_OBJC_ARC = YES;
				CLANG_ENABLE_OBJC_WEAK = YES;
				CLANG_WARN_BLOCK_CAPTURE_AUTORELEASING = YES;
				CLANG_WARN_BOOL_CONVERSION = YES;
				CLANG_WARN_COMMA = YES;
				CLANG_WARN_CONSTANT_CONVERSION = YES;
				CLANG_WARN_DEPRECATED_OBJC_IMPLEMENTATIONS = YES;
				CLANG_WARN_DIRECT_OBJC_ISA_USAGE = YES_ERROR;
				CLANG_WARN_DOCUMENTATION_COMMENTS = YES;
				CLANG_WARN_EMPTY_BODY = YES;
				CLANG_WARN_ENUM_CONVERSION = YES;
				CLANG_WARN_INFINITE_RECURSION = YES;
				CLANG_WARN_INT_CONVERSION = YES;
				CLANG_WARN_NON_LITERAL_NULL_CONVERSION = YES;
				CLANG_WARN_OBJC_IMPLICIT_RETAIN_SELF = YES;
				CLANG_WARN_OBJC_LITERAL_CONVERSION = YES;
				CLANG_WARN_OBJC_ROOT_CLASS = YES_ERROR;
				CLANG_WARN_RANGE_LOOP_ANALYSIS = YES;
				CLANG_WARN_STRICT_PROTOTYPES = YES;
				CLANG_WARN_SUSPICIOUS_MOVE = YES;
				CLANG_WARN_UNGUARDED_AVAILABILITY = YES_AGGRESSIVE;
				CLANG_WARN_UNREACHABLE_CODE = YES;
				CLANG_WARN__DUPLICATE_METHOD_MATCH = YES;
				CODE_SIGN_IDENTITY = "iPhone Developer";
				COPY_PHASE_STRIP = NO;
				DEBUG_INFORMATION_FORMAT = "dwarf-with-dsym";
				ENABLE_NS_ASSERTIONS = NO;
				ENABLE_STRICT_OBJC_MSGSEND = YES;
				GCC_C_LANGUAGE_STANDARD = gnu11;
				GCC_NO_COMMON_BLOCKS = YES;
				GCC_WARN_64_TO_32_BIT_CONVERSION = YES;
				GCC_WARN_ABOUT_RETURN_TYPE = YES_ERROR;
				GCC_WARN_UNDECLARED_SELECTOR = YES;
				GCC_WARN_UNINITIALIZED_AUTOS = YES_AGGRESSIVE;
				GCC_WARN_UNUSED_FUNCTION = YES;
				GCC_WARN_UNUSED_VARIABLE = YES;
				IPHONEOS_DEPLOYMENT_TARGET = 12.4;
				MTL_ENABLE_DEBUG_INFO = NO;
				MTL_FAST_MATH = YES;
				SDKROOT = iphoneos;
				SWIFT_COMPILATION_MODE = wholemodule;
				SWIFT_OPTIMIZATION_LEVEL = "-O";
				VALIDATE_PRODUCT = YES;
			};
			name = Release;
		};
		3FD1066924D31581005400C2 /* Debug */ = {
			isa = XCBuildConfiguration;
			buildSettings = {
				ASSETCATALOG_COMPILER_APPICON_NAME = AppIcon;
				CODE_SIGN_STYLE = Automatic;
				INFOPLIST_FILE = FoodRecipeAPP/Info.plist;
				LD_RUNPATH_SEARCH_PATHS = (
					"$(inherited)",
					"@executable_path/Frameworks",
				);
				PRODUCT_BUNDLE_IDENTIFIER = hanson.amrinder.ios.FoodRecipeAPP;
				PRODUCT_NAME = "$(TARGET_NAME)";
				SWIFT_VERSION = 5.0;
				TARGETED_DEVICE_FAMILY = "1,2";
			};
			name = Debug;
		};
		3FD1066A24D31581005400C2 /* Release */ = {
			isa = XCBuildConfiguration;
			buildSettings = {
				ASSETCATALOG_COMPILER_APPICON_NAME = AppIcon;
				CODE_SIGN_STYLE = Automatic;
				INFOPLIST_FILE = FoodRecipeAPP/Info.plist;
				LD_RUNPATH_SEARCH_PATHS = (
					"$(inherited)",
					"@executable_path/Frameworks",
				);
				PRODUCT_BUNDLE_IDENTIFIER = hanson.amrinder.ios.FoodRecipeAPP;
				PRODUCT_NAME = "$(TARGET_NAME)";
				SWIFT_VERSION = 5.0;
				TARGETED_DEVICE_FAMILY = "1,2";
			};
			name = Release;
		};
/* End XCBuildConfiguration section */

/* Begin XCConfigurationList section */
		3FD1065124D31580005400C2 /* Build configuration list for PBXProject "FoodRecipeAPP" */ = {
			isa = XCConfigurationList;
			buildConfigurations = (
				3FD1066624D31581005400C2 /* Debug */,
				3FD1066724D31581005400C2 /* Release */,
			);
			defaultConfigurationIsVisible = 0;
			defaultConfigurationName = Release;
		};
		3FD1066824D31581005400C2 /* Build configuration list for PBXNativeTarget "FoodRecipeAPP" */ = {
			isa = XCConfigurationList;
			buildConfigurations = (
				3FD1066924D31581005400C2 /* Debug */,
				3FD1066A24D31581005400C2 /* Release */,
			);
			defaultConfigurationIsVisible = 0;
			defaultConfigurationName = Release;
		};
/* End XCConfigurationList section */
	};
	rootObject = 3FD1064E24D31580005400C2 /* Project object */;
}
